// !$*UTF8*$!
{
	archiveVersion = 1;
	classes = {
	};
	objectVersion = 46;
	objects = {

/* Begin PBXBuildFile section */
		049199C51D8B6DAB00574009 /* AppDelegate.swift in Sources */ = {isa = PBXBuildFile; fileRef = 049199C41D8B6DAB00574009 /* AppDelegate.swift */; };
		049199C71D8B6DAB00574009 /* ViewController.swift in Sources */ = {isa = PBXBuildFile; fileRef = 049199C61D8B6DAB00574009 /* ViewController.swift */; };
		049199CA1D8B6DAB00574009 /* Main.storyboard in Resources */ = {isa = PBXBuildFile; fileRef = 049199C81D8B6DAB00574009 /* Main.storyboard */; };
		049199CC1D8B6DAB00574009 /* Assets.xcassets in Resources */ = {isa = PBXBuildFile; fileRef = 049199CB1D8B6DAB00574009 /* Assets.xcassets */; };
		049199CF1D8B6DAB00574009 /* LaunchScreen.storyboard in Resources */ = {isa = PBXBuildFile; fileRef = 049199CD1D8B6DAB00574009 /* LaunchScreen.storyboard */; };
		049199DA1D8B6DAB00574009 /* gps_testTests.swift in Sources */ = {isa = PBXBuildFile; fileRef = 049199D91D8B6DAB00574009 /* gps_testTests.swift */; };
		049199E51D8B6DAB00574009 /* gps_testUITests.swift in Sources */ = {isa = PBXBuildFile; fileRef = 049199E41D8B6DAB00574009 /* gps_testUITests.swift */; };
/* End PBXBuildFile section */

/* Begin PBXContainerItemProxy section */
		049199D61D8B6DAB00574009 /* PBXContainerItemProxy */ = {
			isa = PBXContainerItemProxy;
			containerPortal = 049199B91D8B6DAB00574009 /* Project object */;
			proxyType = 1;
			remoteGlobalIDString = 049199C01D8B6DAB00574009;
			remoteInfo = "gps-test";
		};
		049199E11D8B6DAB00574009 /* PBXContainerItemProxy */ = {
			isa = PBXContainerItemProxy;
			containerPortal = 049199B91D8B6DAB00574009 /* Project object */;
			proxyType = 1;
			remoteGlobalIDString = 049199C01D8B6DAB00574009;
			remoteInfo = "gps-test";
		};
/* End PBXContainerItemProxy section */

/* Begin PBXFileReference section */
		049199C11D8B6DAB00574009 /* gps-test.app */ = {isa = PBXFileReference; explicitFileType = wrapper.application; includeInIndex = 0; path = "gps-test.app"; sourceTree = BUILT_PRODUCTS_DIR; };
		049199C41D8B6DAB00574009 /* AppDelegate.swift */ = {isa = PBXFileReference; lastKnownFileType = sourcecode.swift; path = AppDelegate.swift; sourceTree = "<group>"; };
		049199C61D8B6DAB00574009 /* ViewController.swift */ = {isa = PBXFileReference; lastKnownFileType = sourcecode.swift; path = ViewController.swift; sourceTree = "<group>"; };
		049199C91D8B6DAB00574009 /* Base */ = {isa = PBXFileReference; lastKnownFileType = file.storyboard; name = Base; path = Base.lproj/Main.storyboard; sourceTree = "<group>"; };
		049199CB1D8B6DAB00574009 /* Assets.xcassets */ = {isa = PBXFileReference; lastKnownFileType = folder.assetcatalog; path = Assets.xcassets; sourceTree = "<group>"; };
		049199CE1D8B6DAB00574009 /* Base */ = {isa = PBXFileReference; lastKnownFileType = file.storyboard; name = Base; path = Base.lproj/LaunchScreen.storyboard; sourceTree = "<group>"; };
		049199D01D8B6DAB00574009 /* Info.plist */ = {isa = PBXFileReference; lastKnownFileType = text.plist.xml; path = Info.plist; sourceTree = "<group>"; };
		049199D51D8B6DAB00574009 /* gps-testTests.xctest */ = {isa = PBXFileReference; explicitFileType = wrapper.cfbundle; includeInIndex = 0; path = "gps-testTests.xctest"; sourceTree = BUILT_PRODUCTS_DIR; };
		049199D91D8B6DAB00574009 /* gps_testTests.swift */ = {isa = PBXFileReference; lastKnownFileType = sourcecode.swift; path = gps_testTests.swift; sourceTree = "<group>"; };
		049199DB1D8B6DAB00574009 /* Info.plist */ = {isa = PBXFileReference; lastKnownFileType = text.plist.xml; path = Info.plist; sourceTree = "<group>"; };
		049199E01D8B6DAB00574009 /* gps-testUITests.xctest */ = {isa = PBXFileReference; explicitFileType = wrapper.cfbundle; includeInIndex = 0; path = "gps-testUITests.xctest"; sourceTree = BUILT_PRODUCTS_DIR; };
		049199E41D8B6DAB00574009 /* gps_testUITests.swift */ = {isa = PBXFileReference; lastKnownFileType = sourcecode.swift; path = gps_testUITests.swift; sourceTree = "<group>"; };
		049199E61D8B6DAB00574009 /* Info.plist */ = {isa = PBXFileReference; lastKnownFileType = text.plist.xml; path = Info.plist; sourceTree = "<group>"; };
/* End PBXFileReference section */

/* Begin PBXFrameworksBuildPhase section */
		049199BE1D8B6DAB00574009 /* Frameworks */ = {
			isa = PBXFrameworksBuildPhase;
			buildActionMask = 2147483647;
			files = (
			);
			runOnlyForDeploymentPostprocessing = 0;
		};
		049199D21D8B6DAB00574009 /* Frameworks */ = {
			isa = PBXFrameworksBuildPhase;
			buildActionMask = 2147483647;
			files = (
			);
			runOnlyForDeploymentPostprocessing = 0;
		};
		049199DD1D8B6DAB00574009 /* Frameworks */ = {
			isa = PBXFrameworksBuildPhase;
			buildActionMask = 2147483647;
			files = (
			);
			runOnlyForDeploymentPostprocessing = 0;
		};
/* End PBXFrameworksBuildPhase section */

/* Begin PBXGroup section */
		049199B81D8B6DAB00574009 = {
			isa = PBXGroup;
			children = (
				049199C31D8B6DAB00574009 /* gps-test */,
				049199D81D8B6DAB00574009 /* gps-testTests */,
				049199E31D8B6DAB00574009 /* gps-testUITests */,
				049199C21D8B6DAB00574009 /* Products */,
			);
			sourceTree = "<group>";
		};
		049199C21D8B6DAB00574009 /* Products */ = {
			isa = PBXGroup;
			children = (
				049199C11D8B6DAB00574009 /* gps-test.app */,
				049199D51D8B6DAB00574009 /* gps-testTests.xctest */,
				049199E01D8B6DAB00574009 /* gps-testUITests.xctest */,
			);
			name = Products;
			sourceTree = "<group>";
		};
		049199C31D8B6DAB00574009 /* gps-test */ = {
			isa = PBXGroup;
			children = (
				049199C41D8B6DAB00574009 /* AppDelegate.swift */,
				049199C61D8B6DAB00574009 /* ViewController.swift */,
				049199C81D8B6DAB00574009 /* Main.storyboard */,
				049199CB1D8B6DAB00574009 /* Assets.xcassets */,
				049199CD1D8B6DAB00574009 /* LaunchScreen.storyboard */,
				049199D01D8B6DAB00574009 /* Info.plist */,
			);
			path = "gps-test";
			sourceTree = "<group>";
		};
		049199D81D8B6DAB00574009 /* gps-testTests */ = {
			isa = PBXGroup;
			children = (
				049199D91D8B6DAB00574009 /* gps_testTests.swift */,
				049199DB1D8B6DAB00574009 /* Info.plist */,
			);
			path = "gps-testTests";
			sourceTree = "<group>";
		};
		049199E31D8B6DAB00574009 /* gps-testUITests */ = {
			isa = PBXGroup;
			children = (
				049199E41D8B6DAB00574009 /* gps_testUITests.swift */,
				049199E61D8B6DAB00574009 /* Info.plist */,
			);
			path = "gps-testUITests";
			sourceTree = "<group>";
		};
/* End PBXGroup section */

/* Begin PBXNativeTarget section */
		049199C01D8B6DAB00574009 /* gps-test */ = {
			isa = PBXNativeTarget;
			buildConfigurationList = 049199E91D8B6DAB00574009 /* Build configuration list for PBXNativeTarget "gps-test" */;
			buildPhases = (
				049199BD1D8B6DAB00574009 /* Sources */,
				049199BE1D8B6DAB00574009 /* Frameworks */,
				049199BF1D8B6DAB00574009 /* Resources */,
			);
			buildRules = (
			);
			dependencies = (
			);
			name = "gps-test";
			productName = "gps-test";
			productReference = 049199C11D8B6DAB00574009 /* gps-test.app */;
			productType = "com.apple.product-type.application";
		};
		049199D41D8B6DAB00574009 /* gps-testTests */ = {
			isa = PBXNativeTarget;
			buildConfigurationList = 049199EC1D8B6DAB00574009 /* Build configuration list for PBXNativeTarget "gps-testTests" */;
			buildPhases = (
				049199D11D8B6DAB00574009 /* Sources */,
				049199D21D8B6DAB00574009 /* Frameworks */,
				049199D31D8B6DAB00574009 /* Resources */,
			);
			buildRules = (
			);
			dependencies = (
				049199D71D8B6DAB00574009 /* PBXTargetDependency */,
			);
			name = "gps-testTests";
			productName = "gps-testTests";
			productReference = 049199D51D8B6DAB00574009 /* gps-testTests.xctest */;
			productType = "com.apple.product-type.bundle.unit-test";
		};
		049199DF1D8B6DAB00574009 /* gps-testUITests */ = {
			isa = PBXNativeTarget;
			buildConfigurationList = 049199EF1D8B6DAB00574009 /* Build configuration list for PBXNativeTarget "gps-testUITests" */;
			buildPhases = (
				049199DC1D8B6DAB00574009 /* Sources */,
				049199DD1D8B6DAB00574009 /* Frameworks */,
				049199DE1D8B6DAB00574009 /* Resources */,
			);
			buildRules = (
			);
			dependencies = (
				049199E21D8B6DAB00574009 /* PBXTargetDependency */,
			);
			name = "gps-testUITests";
			productName = "gps-testUITests";
			productReference = 049199E01D8B6DAB00574009 /* gps-testUITests.xctest */;
			productType = "com.apple.product-type.bundle.ui-testing";
		};
/* End PBXNativeTarget section */

/* Begin PBXProject section */
		049199B91D8B6DAB00574009 /* Project object */ = {
			isa = PBXProject;
			attributes = {
				LastSwiftUpdateCheck = 0730;
				LastUpgradeCheck = 0730;
				ORGANIZATIONNAME = "Team Jamaica";
				TargetAttributes = {
					049199C01D8B6DAB00574009 = {
						CreatedOnToolsVersion = 7.3.1;
						DevelopmentTeam = 7L4MTHDFPZ;
					};
					049199D41D8B6DAB00574009 = {
						CreatedOnToolsVersion = 7.3.1;
						TestTargetID = 049199C01D8B6DAB00574009;
					};
					049199DF1D8B6DAB00574009 = {
						CreatedOnToolsVersion = 7.3.1;
						TestTargetID = 049199C01D8B6DAB00574009;
					};
				};
			};
			buildConfigurationList = 049199BC1D8B6DAB00574009 /* Build configuration list for PBXProject "gps-test" */;
			compatibilityVersion = "Xcode 3.2";
			developmentRegion = English;
			hasScannedForEncodings = 0;
			knownRegions = (
				en,
				Base,
			);
			mainGroup = 049199B81D8B6DAB00574009;
			productRefGroup = 049199C21D8B6DAB00574009 /* Products */;
			projectDirPath = "";
			projectRoot = "";
			targets = (
				049199C01D8B6DAB00574009 /* gps-test */,
				049199D41D8B6DAB00574009 /* gps-testTests */,
				049199DF1D8B6DAB00574009 /* gps-testUITests */,
			);
		};
/* End PBXProject section */

/* Begin PBXResourcesBuildPhase section */
		049199BF1D8B6DAB00574009 /* Resources */ = {
			isa = PBXResourcesBuildPhase;
			buildActionMask = 2147483647;
			files = (
				049199CF1D8B6DAB00574009 /* LaunchScreen.storyboard in Resources */,
				049199CC1D8B6DAB00574009 /* Assets.xcassets in Resources */,
				049199CA1D8B6DAB00574009 /* Main.storyboard in Resources */,
			);
			runOnlyForDeploymentPostprocessing = 0;
		};
		049199D31D8B6DAB00574009 /* Resources */ = {
			isa = PBXResourcesBuildPhase;
			buildActionMask = 2147483647;
			files = (
			);
			runOnlyForDeploymentPostprocessing = 0;
		};
		049199DE1D8B6DAB00574009 /* Resources */ = {
			isa = PBXResourcesBuildPhase;
			buildActionMask = 2147483647;
			files = (
			);
			runOnlyForDeploymentPostprocessing = 0;
		};
/* End PBXResourcesBuildPhase section */

/* Begin PBXSourcesBuildPhase section */
		049199BD1D8B6DAB00574009 /* Sources */ = {
			isa = PBXSourcesBuildPhase;
			buildActionMask = 2147483647;
			files = (
				049199C71D8B6DAB00574009 /* ViewController.swift in Sources */,
				049199C51D8B6DAB00574009 /* AppDelegate.swift in Sources */,
			);
			runOnlyForDeploymentPostprocessing = 0;
		};
		049199D11D8B6DAB00574009 /* Sources */ = {
			isa = PBXSourcesBuildPhase;
			buildActionMask = 2147483647;
			files = (
				049199DA1D8B6DAB00574009 /* gps_testTests.swift in Sources */,
			);
			runOnlyForDeploymentPostprocessing = 0;
		};
		049199DC1D8B6DAB00574009 /* Sources */ = {
			isa = PBXSourcesBuildPhase;
			buildActionMask = 2147483647;
			files = (
				049199E51D8B6DAB00574009 /* gps_testUITests.swift in Sources */,
			);
			runOnlyForDeploymentPostprocessing = 0;
		};
/* End PBXSourcesBuildPhase section */

/* Begin PBXTargetDependency section */
		049199D71D8B6DAB00574009 /* PBXTargetDependency */ = {
			isa = PBXTargetDependency;
			target = 049199C01D8B6DAB00574009 /* gps-test */;
			targetProxy = 049199D61D8B6DAB00574009 /* PBXContainerItemProxy */;
		};
		049199E21D8B6DAB00574009 /* PBXTargetDependency */ = {
			isa = PBXTargetDependency;
			target = 049199C01D8B6DAB00574009 /* gps-test */;
			targetProxy = 049199E11D8B6DAB00574009 /* PBXContainerItemProxy */;
		};
/* End PBXTargetDependency section */

/* Begin PBXVariantGroup section */
		049199C81D8B6DAB00574009 /* Main.storyboard */ = {
			isa = PBXVariantGroup;
			children = (
				049199C91D8B6DAB00574009 /* Base */,
			);
			name = Main.storyboard;
			sourceTree = "<group>";
		};
		049199CD1D8B6DAB00574009 /* LaunchScreen.storyboard */ = {
			isa = PBXVariantGroup;
			children = (
				049199CE1D8B6DAB00574009 /* Base */,
			);
			name = LaunchScreen.storyboard;
			sourceTree = "<group>";
		};
/* End PBXVariantGroup section */

/* Begin XCBuildConfiguration section */
		049199E71D8B6DAB00574009 /* Debug */ = {
			isa = XCBuildConfiguration;
			buildSettings = {
				ALWAYS_SEARCH_USER_PATHS = NO;
				CLANG_ANALYZER_NONNULL = YES;
				CLANG_CXX_LANGUAGE_STANDARD = "gnu++0x";
				CLANG_CXX_LIBRARY = "libc++";
				CLANG_ENABLE_MODULES = YES;
				CLANG_ENABLE_OBJC_ARC = YES;
				CLANG_WARN_BOOL_CONVERSION = YES;
				CLANG_WARN_CONSTANT_CONVERSION = YES;
				CLANG_WARN_DIRECT_OBJC_ISA_USAGE = YES_ERROR;
				CLANG_WARN_EMPTY_BODY = YES;
				CLANG_WARN_ENUM_CONVERSION = YES;
				CLANG_WARN_INT_CONVERSION = YES;
				CLANG_WARN_OBJC_ROOT_CLASS = YES_ERROR;
				CLANG_WARN_UNREACHABLE_CODE = YES;
				CLANG_WARN__DUPLICATE_METHOD_MATCH = YES;
				"CODE_SIGN_IDENTITY[sdk=iphoneos*]" = "iPhone Developer";
				COPY_PHASE_STRIP = NO;
				DEBUG_INFORMATION_FORMAT = dwarf;
				ENABLE_STRICT_OBJC_MSGSEND = YES;
				ENABLE_TESTABILITY = YES;
				GCC_C_LANGUAGE_STANDARD = gnu99;
				GCC_DYNAMIC_NO_PIC = NO;
				GCC_NO_COMMON_BLOCKS = YES;
				GCC_OPTIMIZATION_LEVEL = 0;
				GCC_PREPROCESSOR_DEFINITIONS = (
					"DEBUG=1",
					"$(inherited)",
				);
				GCC_WARN_64_TO_32_BIT_CONVERSION = YES;
				GCC_WARN_ABOUT_RETURN_TYPE = YES_ERROR;
				GCC_WARN_UNDECLARED_SELECTOR = YES;
				GCC_WARN_UNINITIALIZED_AUTOS = YES_AGGRESSIVE;
				GCC_WARN_UNUSED_FUNCTION = YES;
				GCC_WARN_UNUSED_VARIABLE = YES;
				IPHONEOS_DEPLOYMENT_TARGET = 9.3;
				MTL_ENABLE_DEBUG_INFO = YES;
				ONLY_ACTIVE_ARCH = YES;
				SDKROOT = iphoneos;
				SWIFT_OPTIMIZATION_LEVEL = "-Onone";
				TARGETED_DEVICE_FAMILY = "1,2";
			};
			name = Debug;
		};
		049199E81D8B6DAB00574009 /* Release */ = {
			isa = XCBuildConfiguration;
			buildSettings = {
				ALWAYS_SEARCH_USER_PATHS = NO;
				CLANG_ANALYZER_NONNULL = YES;
				CLANG_CXX_LANGUAGE_STANDARD = "gnu++0x";
				CLANG_CXX_LIBRARY = "libc++";
				CLANG_ENABLE_MODULES = YES;
				CLANG_ENABLE_OBJC_ARC = YES;
				CLANG_WARN_BOOL_CONVERSION = YES;
				CLANG_WARN_CONSTANT_CONVERSION = YES;
				CLANG_WARN_DIRECT_OBJC_ISA_USAGE = YES_ERROR;
				CLANG_WARN_EMPTY_BODY = YES;
				CLANG_WARN_ENUM_CONVERSION = YES;
				CLANG_WARN_INT_CONVERSION = YES;
				CLANG_WARN_OBJC_ROOT_CLASS = YES_ERROR;
				CLANG_WARN_UNREACHABLE_CODE = YES;
				CLANG_WARN__DUPLICATE_METHOD_MATCH = YES;
				"CODE_SIGN_IDENTITY[sdk=iphoneos*]" = "iPhone Developer";
				COPY_PHASE_STRIP = NO;
				DEBUG_INFORMATION_FORMAT = "dwarf-with-dsym";
				ENABLE_NS_ASSERTIONS = NO;
				ENABLE_STRICT_OBJC_MSGSEND = YES;
				GCC_C_LANGUAGE_STANDARD = gnu99;
				GCC_NO_COMMON_BLOCKS = YES;
				GCC_WARN_64_TO_32_BIT_CONVERSION = YES;
				GCC_WARN_ABOUT_RETURN_TYPE = YES_ERROR;
				GCC_WARN_UNDECLARED_SELECTOR = YES;
				GCC_WARN_UNINITIALIZED_AUTOS = YES_AGGRESSIVE;
				GCC_WARN_UNUSED_FUNCTION = YES;
				GCC_WARN_UNUSED_VARIABLE = YES;
				IPHONEOS_DEPLOYMENT_TARGET = 9.3;
				MTL_ENABLE_DEBUG_INFO = NO;
				SDKROOT = iphoneos;
				TARGETED_DEVICE_FAMILY = "1,2";
				VALIDATE_PRODUCT = YES;
			};
			name = Release;
		};
		049199EA1D8B6DAB00574009 /* Debug */ = {
			isa = XCBuildConfiguration;
			buildSettings = {
				ASSETCATALOG_COMPILER_APPICON_NAME = AppIcon;
				CODE_SIGN_IDENTITY = "iPhone Developer";
				"CODE_SIGN_IDENTITY[sdk=iphoneos*]" = "iPhone Developer";
				INFOPLIST_FILE = "gps-test/Info.plist";
				LD_RUNPATH_SEARCH_PATHS = "$(inherited) @executable_path/Frameworks";
				PRODUCT_BUNDLE_IDENTIFIER = "com.surya.gps-test";
				PRODUCT_NAME = "$(TARGET_NAME)";
				PROVISIONING_PROFILE = "";
				TARGETED_DEVICE_FAMILY = 1;
			};
			name = Debug;
		};
		049199EB1D8B6DAB00574009 /* Release */ = {
			isa = XCBuildConfiguration;
			buildSettings = {
				ASSETCATALOG_COMPILER_APPICON_NAME = AppIcon;
				CODE_SIGN_IDENTITY = "iPhone Developer";
				"CODE_SIGN_IDENTITY[sdk=iphoneos*]" = "iPhone Developer";
				INFOPLIST_FILE = "gps-test/Info.plist";
				LD_RUNPATH_SEARCH_PATHS = "$(inherited) @executable_path/Frameworks";
				PRODUCT_BUNDLE_IDENTIFIER = "com.surya.gps-test";
				PRODUCT_NAME = "$(TARGET_NAME)";
				PROVISIONING_PROFILE = "";
				TARGETED_DEVICE_FAMILY = 1;
			};
			name = Release;
		};
		049199ED1D8B6DAB00574009 /* Debug */ = {
			isa = XCBuildConfiguration;
			buildSettings = {
				BUNDLE_LOADER = "$(TEST_HOST)";
				INFOPLIST_FILE = "gps-testTests/Info.plist";
				LD_RUNPATH_SEARCH_PATHS = "$(inherited) @executable_path/Frameworks @loader_path/Frameworks";
				PRODUCT_BUNDLE_IDENTIFIER = "John-Morales.gps-testTests";
				PRODUCT_NAME = "$(TARGET_NAME)";
				TEST_HOST = "$(BUILT_PRODUCTS_DIR)/gps-test.app/gps-test";
			};
			name = Debug;
		};
		049199EE1D8B6DAB00574009 /* Release */ = {
			isa = XCBuildConfiguration;
			buildSettings = {
				BUNDLE_LOADER = "$(TEST_HOST)";
				INFOPLIST_FILE = "gps-testTests/Info.plist";
				LD_RUNPATH_SEARCH_PATHS = "$(inherited) @executable_path/Frameworks @loader_path/Frameworks";
				PRODUCT_BUNDLE_IDENTIFIER = "John-Morales.gps-testTests";
				PRODUCT_NAME = "$(TARGET_NAME)";
				TEST_HOST = "$(BUILT_PRODUCTS_DIR)/gps-test.app/gps-test";
			};
			name = Release;
		};
		049199F01D8B6DAB00574009 /* Debug */ = {
			isa = XCBuildConfiguration;
			buildSettings = {
				INFOPLIST_FILE = "gps-testUITests/Info.plist";
				LD_RUNPATH_SEARCH_PATHS = "$(inherited) @executable_path/Frameworks @loader_path/Frameworks";
				PRODUCT_BUNDLE_IDENTIFIER = "John-Morales.gps-testUITests";
				PRODUCT_NAME = "$(TARGET_NAME)";
				TEST_TARGET_NAME = "gps-test";
			};
			name = Debug;
		};
		049199F11D8B6DAB00574009 /* Release */ = {
			isa = XCBuildConfiguration;
			buildSettings = {
				INFOPLIST_FILE = "gps-testUITests/Info.plist";
				LD_RUNPATH_SEARCH_PATHS = "$(inherited) @executable_path/Frameworks @loader_path/Frameworks";
				PRODUCT_BUNDLE_IDENTIFIER = "John-Morales.gps-testUITests";
				PRODUCT_NAME = "$(TARGET_NAME)";
				TEST_TARGET_NAME = "gps-test";
			};
			name = Release;
		};
/* End XCBuildConfiguration section */

/* Begin XCConfigurationList section */
		049199BC1D8B6DAB00574009 /* Build configuration list for PBXProject "gps-test" */ = {
			isa = XCConfigurationList;
			buildConfigurations = (
				049199E71D8B6DAB00574009 /* Debug */,
				049199E81D8B6DAB00574009 /* Release */,
			);
			defaultConfigurationIsVisible = 0;
			defaultConfigurationName = Release;
		};
		049199E91D8B6DAB00574009 /* Build configuration list for PBXNativeTarget "gps-test" */ = {
			isa = XCConfigurationList;
			buildConfigurations = (
				049199EA1D8B6DAB00574009 /* Debug */,
				049199EB1D8B6DAB00574009 /* Release */,
			);
			defaultConfigurationIsVisible = 0;
			defaultConfigurationName = Release;
		};
		049199EC1D8B6DAB00574009 /* Build configuration list for PBXNativeTarget "gps-testTests" */ = {
			isa = XCConfigurationList;
			buildConfigurations = (
				049199ED1D8B6DAB00574009 /* Debug */,
				049199EE1D8B6DAB00574009 /* Release */,
			);
			defaultConfigurationIsVisible = 0;
			defaultConfigurationName = Release;
		};
		049199EF1D8B6DAB00574009 /* Build configuration list for PBXNativeTarget "gps-testUITests" */ = {
			isa = XCConfigurationList;
			buildConfigurations = (
				049199F01D8B6DAB00574009 /* Debug */,
				049199F11D8B6DAB00574009 /* Release */,
			);
			defaultConfigurationIsVisible = 0;
			defaultConfigurationName = Release;
		};
/* End XCConfigurationList section */
	};
	rootObject = 049199B91D8B6DAB00574009 /* Project object */;
}
